
Microsoft Visual Studio Solution File, Format Version 12.00
# Visual Studio 15
VisualStudioVersion = 15.0.28010.2036
MinimumVisualStudioVersion = 10.0.40219.1
Project("{9A19103F-16F7-4668-BE54-9A1E7A4F7556}") = "Sundew.Pi.IO.Devices", "Sundew.Pi.IO.Devices\Sundew.Pi.IO.Devices.csproj", "{ABFAAF3A-DFF1-45F6-AAE0-9B2FC424AD15}"
EndProject
Project("{9A19103F-16F7-4668-BE54-9A1E7A4F7556}") = "Sundew.Pi.IO.Devices.Tester", "Sundew.Pi.IO.Devices.Tester\Sundew.Pi.IO.Devices.Tester.csproj", "{AA8075BC-F8B2-4BA9-AC8B-58A259347770}"
EndProject
Global
	GlobalSection(SolutionConfigurationPlatforms) = preSolution
		Debug|Any CPU = Debug|Any CPU
		Release|Any CPU = Release|Any CPU
		Release-Stable|Any CPU = Release-Stable|Any CPU
	EndGlobalSection
	GlobalSection(ProjectConfigurationPlatforms) = postSolution
		{ABFAAF3A-DFF1-45F6-AAE0-9B2FC424AD15}.Debug|Any CPU.ActiveCfg = Debug|Any CPU
		{ABFAAF3A-DFF1-45F6-AAE0-9B2FC424AD15}.Debug|Any CPU.Build.0 = Debug|Any CPU
		{ABFAAF3A-DFF1-45F6-AAE0-9B2FC424AD15}.Release|Any CPU.ActiveCfg = Release|Any CPU
		{ABFAAF3A-DFF1-45F6-AAE0-9B2FC424AD15}.Release|Any CPU.Build.0 = Release|Any CPU
		{ABFAAF3A-DFF1-45F6-AAE0-9B2FC424AD15}.Release-Stable|Any CPU.ActiveCfg = Release-Stable|Any CPU
		{ABFAAF3A-DFF1-45F6-AAE0-9B2FC424AD15}.Release-Stable|Any CPU.Build.0 = Release-Stable|Any CPU
		{AA8075BC-F8B2-4BA9-AC8B-58A259347770}.Debug|Any CPU.ActiveCfg = Debug|Any CPU
		{AA8075BC-F8B2-4BA9-AC8B-58A259347770}.Debug|Any CPU.Build.0 = Debug|Any CPU
		{AA8075BC-F8B2-4BA9-AC8B-58A259347770}.Release|Any CPU.ActiveCfg = Release|Any CPU
		{AA8075BC-F8B2-4BA9-AC8B-58A259347770}.Release|Any CPU.Build.0 = Release|Any CPU
		{AA8075BC-F8B2-4BA9-AC8B-58A259347770}.Release-Stable|Any CPU.ActiveCfg = Release-Stable|Any CPU
		{AA8075BC-F8B2-4BA9-AC8B-58A259347770}.Release-Stable|Any CPU.Build.0 = Release-Stable|Any CPU
	EndGlobalSection
	GlobalSection(SolutionProperties) = preSolution
		HideSolutionNode = FALSE
	EndGlobalSection
	GlobalSection(ExtensibilityGlobals) = postSolution
		SolutionGuid = {4ED85B62-BBFB-4EAC-AE69-F06BCF666BD1}
	EndGlobalSection
EndGlobal
